// !$*UTF8*$!
{
	archiveVersion = 1;
	classes = {
	};
	objectVersion = 46;
	objects = {

/* Begin PBXBuildFile section */
		743353E8205685D500A5042E /* RNTextGradientUtils.m in Sources */ = {isa = PBXBuildFile; fileRef = 743353E7205685D500A5042E /* RNTextGradientUtils.m */; };
		743353EC20568ABE00A5042E /* RNVirtualTextGradientShadowView.m in Sources */ = {isa = PBXBuildFile; fileRef = 743353EB20568ABE00A5042E /* RNVirtualTextGradientShadowView.m */; };
		743353F0205693AB00A5042E /* RNVirtualTextGradientViewManager.m in Sources */ = {isa = PBXBuildFile; fileRef = 743353EF205693AA00A5042E /* RNVirtualTextGradientViewManager.m */; };
		743353F52056A46500A5042E /* RNVirtualLinearTextGradientShadowView.m in Sources */ = {isa = PBXBuildFile; fileRef = 743353F42056A46500A5042E /* RNVirtualLinearTextGradientShadowView.m */; };
		743353F82056A99000A5042E /* RNLinearGradientUtils.m in Sources */ = {isa = PBXBuildFile; fileRef = 743353F72056A99000A5042E /* RNLinearGradientUtils.m */; };
		7479685620553C4F00E65937 /* RNTextGradientValue.m in Sources */ = {isa = PBXBuildFile; fileRef = 7479685520553C4F00E65937 /* RNTextGradientValue.m */; };
		7479685D2055CDF400E65937 /* RNLinearTextGradientShadowView.m in Sources */ = {isa = PBXBuildFile; fileRef = 7479685C2055CDF400E65937 /* RNLinearTextGradientShadowView.m */; };
		747968602055CE1900E65937 /* RNVirtualLinearTextGradientViewManager.m in Sources */ = {isa = PBXBuildFile; fileRef = 7479685F2055CE1900E65937 /* RNVirtualLinearTextGradientViewManager.m */; };
		747968632055CEAD00E65937 /* RNLinearTextGradientViewManager.m in Sources */ = {isa = PBXBuildFile; fileRef = 747968622055CEAD00E65937 /* RNLinearTextGradientViewManager.m */; };
		74BC8BF8205466D500D327F3 /* RNTextGradientShadowView.m in Sources */ = {isa = PBXBuildFile; fileRef = 74BC8BF7205466D500D327F3 /* RNTextGradientShadowView.m */; };
		74BC8BFB205466EB00D327F3 /* RNTextGradientView.m in Sources */ = {isa = PBXBuildFile; fileRef = 74BC8BFA205466EB00D327F3 /* RNTextGradientView.m */; };
		74BC8BFF2054753800D327F3 /* RNTextGradientViewManager.m in Sources */ = {isa = PBXBuildFile; fileRef = 74BC8BFE2054753800D327F3 /* RNTextGradientViewManager.m */; };
/* End PBXBuildFile section */

/* Begin PBXCopyFilesBuildPhase section */
		58B511D91A9E6C8500147676 /* CopyFiles */ = {
			isa = PBXCopyFilesBuildPhase;
			buildActionMask = 2147483647;
			dstPath = "include/$(PRODUCT_NAME)";
			dstSubfolderSpec = 16;
			files = (
			);
			runOnlyForDeploymentPostprocessing = 0;
		};
/* End PBXCopyFilesBuildPhase section */

/* Begin PBXFileReference section */
		134814201AA4EA6300B7C361 /* libRNTextGradient.a */ = {isa = PBXFileReference; explicitFileType = archive.ar; includeInIndex = 0; path = libRNTextGradient.a; sourceTree = BUILT_PRODUCTS_DIR; };
		743353E6205685D500A5042E /* RNTextGradientUtils.h */ = {isa = PBXFileReference; lastKnownFileType = sourcecode.c.h; path = RNTextGradientUtils.h; sourceTree = "<group>"; };
		743353E7205685D500A5042E /* RNTextGradientUtils.m */ = {isa = PBXFileReference; lastKnownFileType = sourcecode.c.objc; path = RNTextGradientUtils.m; sourceTree = "<group>"; };
		743353EA20568ABE00A5042E /* RNVirtualTextGradientShadowView.h */ = {isa = PBXFileReference; lastKnownFileType = sourcecode.c.h; path = RNVirtualTextGradientShadowView.h; sourceTree = "<group>"; };
		743353EB20568ABE00A5042E /* RNVirtualTextGradientShadowView.m */ = {isa = PBXFileReference; lastKnownFileType = sourcecode.c.objc; path = RNVirtualTextGradientShadowView.m; sourceTree = "<group>"; };
		743353ED20568F3E00A5042E /* RNTextGradientShadowViewDelegate.h */ = {isa = PBXFileReference; lastKnownFileType = sourcecode.c.h; path = RNTextGradientShadowViewDelegate.h; sourceTree = "<group>"; };
		743353EE205693AA00A5042E /* RNVirtualTextGradientViewManager.h */ = {isa = PBXFileReference; lastKnownFileType = sourcecode.c.h; path = RNVirtualTextGradientViewManager.h; sourceTree = "<group>"; };
		743353EF205693AA00A5042E /* RNVirtualTextGradientViewManager.m */ = {isa = PBXFileReference; lastKnownFileType = sourcecode.c.objc; path = RNVirtualTextGradientViewManager.m; sourceTree = "<group>"; };
		743353F32056A46500A5042E /* RNVirtualLinearTextGradientShadowView.h */ = {isa = PBXFileReference; lastKnownFileType = sourcecode.c.h; path = RNVirtualLinearTextGradientShadowView.h; sourceTree = "<group>"; };
		743353F42056A46500A5042E /* RNVirtualLinearTextGradientShadowView.m */ = {isa = PBXFileReference; lastKnownFileType = sourcecode.c.objc; path = RNVirtualLinearTextGradientShadowView.m; sourceTree = "<group>"; };
		743353F62056A99000A5042E /* RNLinearGradientUtils.h */ = {isa = PBXFileReference; lastKnownFileType = sourcecode.c.h; path = RNLinearGradientUtils.h; sourceTree = "<group>"; };
		743353F72056A99000A5042E /* RNLinearGradientUtils.m */ = {isa = PBXFileReference; lastKnownFileType = sourcecode.c.objc; path = RNLinearGradientUtils.m; sourceTree = "<group>"; };
		743353FB2056AAB400A5042E /* RNLinearTextGradientShadowViewDelegate.h */ = {isa = PBXFileReference; lastKnownFileType = sourcecode.c.h; path = RNLinearTextGradientShadowViewDelegate.h; sourceTree = "<group>"; };
		7479685420553C4F00E65937 /* RNTextGradientValue.h */ = {isa = PBXFileReference; lastKnownFileType = sourcecode.c.h; path = RNTextGradientValue.h; sourceTree = "<group>"; };
		7479685520553C4F00E65937 /* RNTextGradientValue.m */ = {isa = PBXFileReference; lastKnownFileType = sourcecode.c.objc; path = RNTextGradientValue.m; sourceTree = "<group>"; };
		7479685B2055CDF400E65937 /* RNLinearTextGradientShadowView.h */ = {isa = PBXFileReference; lastKnownFileType = sourcecode.c.h; path = RNLinearTextGradientShadowView.h; sourceTree = "<group>"; };
		7479685C2055CDF400E65937 /* RNLinearTextGradientShadowView.m */ = {isa = PBXFileReference; lastKnownFileType = sourcecode.c.objc; path = RNLinearTextGradientShadowView.m; sourceTree = "<group>"; };
		7479685E2055CE1900E65937 /* RNVirtualLinearTextGradientViewManager.h */ = {isa = PBXFileReference; lastKnownFileType = sourcecode.c.h; path = RNVirtualLinearTextGradientViewManager.h; sourceTree = "<group>"; };
		7479685F2055CE1900E65937 /* RNVirtualLinearTextGradientViewManager.m */ = {isa = PBXFileReference; lastKnownFileType = sourcecode.c.objc; path = RNVirtualLinearTextGradientViewManager.m; sourceTree = "<group>"; };
		747968612055CEAD00E65937 /* RNLinearTextGradientViewManager.h */ = {isa = PBXFileReference; lastKnownFileType = sourcecode.c.h; path = RNLinearTextGradientViewManager.h; sourceTree = "<group>"; };
		747968622055CEAD00E65937 /* RNLinearTextGradientViewManager.m */ = {isa = PBXFileReference; lastKnownFileType = sourcecode.c.objc; path = RNLinearTextGradientViewManager.m; sourceTree = "<group>"; };
		74BC8BF6205466D500D327F3 /* RNTextGradientShadowView.h */ = {isa = PBXFileReference; lastKnownFileType = sourcecode.c.h; path = RNTextGradientShadowView.h; sourceTree = "<group>"; };
		74BC8BF7205466D500D327F3 /* RNTextGradientShadowView.m */ = {isa = PBXFileReference; lastKnownFileType = sourcecode.c.objc; path = RNTextGradientShadowView.m; sourceTree = "<group>"; };
		74BC8BF9205466EB00D327F3 /* RNTextGradientView.h */ = {isa = PBXFileReference; lastKnownFileType = sourcecode.c.h; path = RNTextGradientView.h; sourceTree = "<group>"; };
		74BC8BFA205466EB00D327F3 /* RNTextGradientView.m */ = {isa = PBXFileReference; lastKnownFileType = sourcecode.c.objc; path = RNTextGradientView.m; sourceTree = "<group>"; };
		74BC8BFD2054753800D327F3 /* RNTextGradientViewManager.h */ = {isa = PBXFileReference; lastKnownFileType = sourcecode.c.h; path = RNTextGradientViewManager.h; sourceTree = "<group>"; };
		74BC8BFE2054753800D327F3 /* RNTextGradientViewManager.m */ = {isa = PBXFileReference; lastKnownFileType = sourcecode.c.objc; path = RNTextGradientViewManager.m; sourceTree = "<group>"; };
/* End PBXFileReference section */

/* Begin PBXFrameworksBuildPhase section */
		58B511D81A9E6C8500147676 /* Frameworks */ = {
			isa = PBXFrameworksBuildPhase;
			buildActionMask = 2147483647;
			files = (
			);
			runOnlyForDeploymentPostprocessing = 0;
		};
/* End PBXFrameworksBuildPhase section */

/* Begin PBXGroup section */
		134814211AA4EA7D00B7C361 /* Products */ = {
			isa = PBXGroup;
			children = (
				134814201AA4EA6300B7C361 /* libRNTextGradient.a */,
			);
			name = Products;
			sourceTree = "<group>";
		};
		58B511D21A9E6C8500147676 = {
			isa = PBXGroup;
			children = (
				74BC8BF5205466B800D327F3 /* TextGradient */,
				747968572055CD7000E65937 /* LinearTextGradient */,
				7479685420553C4F00E65937 /* RNTextGradientValue.h */,
				7479685520553C4F00E65937 /* RNTextGradientValue.m */,
				134814211AA4EA7D00B7C361 /* Products */,
			);
			sourceTree = "<group>";
		};
		743353F92056A9C400A5042E /* VirtualTextGradient */ = {
			isa = PBXGroup;
			children = (
				743353EE205693AA00A5042E /* RNVirtualTextGradientViewManager.h */,
				743353EF205693AA00A5042E /* RNVirtualTextGradientViewManager.m */,
				743353EA20568ABE00A5042E /* RNVirtualTextGradientShadowView.h */,
				743353EB20568ABE00A5042E /* RNVirtualTextGradientShadowView.m */,
			);
			name = VirtualTextGradient;
			sourceTree = "<group>";
		};
		743353FA2056A9EB00A5042E /* VirtualLinearTextGradient */ = {
			isa = PBXGroup;
			children = (
				7479685E2055CE1900E65937 /* RNVirtualLinearTextGradientViewManager.h */,
				7479685F2055CE1900E65937 /* RNVirtualLinearTextGradientViewManager.m */,
				743353F32056A46500A5042E /* RNVirtualLinearTextGradientShadowView.h */,
				743353F42056A46500A5042E /* RNVirtualLinearTextGradientShadowView.m */,
			);
			name = VirtualLinearTextGradient;
			sourceTree = "<group>";
		};
		747968572055CD7000E65937 /* LinearTextGradient */ = {
			isa = PBXGroup;
			children = (
				743353FA2056A9EB00A5042E /* VirtualLinearTextGradient */,
				747968612055CEAD00E65937 /* RNLinearTextGradientViewManager.h */,
				747968622055CEAD00E65937 /* RNLinearTextGradientViewManager.m */,
				7479685B2055CDF400E65937 /* RNLinearTextGradientShadowView.h */,
				7479685C2055CDF400E65937 /* RNLinearTextGradientShadowView.m */,
				743353F62056A99000A5042E /* RNLinearGradientUtils.h */,
				743353F72056A99000A5042E /* RNLinearGradientUtils.m */,
				743353FB2056AAB400A5042E /* RNLinearTextGradientShadowViewDelegate.h */,
			);
			name = LinearTextGradient;
			sourceTree = "<group>";
		};
		74BC8BF5205466B800D327F3 /* TextGradient */ = {
			isa = PBXGroup;
			children = (
				743353F92056A9C400A5042E /* VirtualTextGradient */,
				74BC8BFD2054753800D327F3 /* RNTextGradientViewManager.h */,
				74BC8BFE2054753800D327F3 /* RNTextGradientViewManager.m */,
				74BC8BF6205466D500D327F3 /* RNTextGradientShadowView.h */,
				74BC8BF7205466D500D327F3 /* RNTextGradientShadowView.m */,
				74BC8BF9205466EB00D327F3 /* RNTextGradientView.h */,
				74BC8BFA205466EB00D327F3 /* RNTextGradientView.m */,
				743353E6205685D500A5042E /* RNTextGradientUtils.h */,
				743353E7205685D500A5042E /* RNTextGradientUtils.m */,
				743353ED20568F3E00A5042E /* RNTextGradientShadowViewDelegate.h */,
			);
			name = TextGradient;
			sourceTree = "<group>";
		};
/* End PBXGroup section */

/* Begin PBXNativeTarget section */
		58B511DA1A9E6C8500147676 /* RNTextGradient */ = {
			isa = PBXNativeTarget;
			buildConfigurationList = 58B511EF1A9E6C8500147676 /* Build configuration list for PBXNativeTarget "RNTextGradient" */;
			buildPhases = (
				58B511D71A9E6C8500147676 /* Sources */,
				58B511D81A9E6C8500147676 /* Frameworks */,
				58B511D91A9E6C8500147676 /* CopyFiles */,
			);
			buildRules = (
			);
			dependencies = (
			);
			name = RNTextGradient;
			productName = RCTDataManager;
			productReference = 134814201AA4EA6300B7C361 /* libRNTextGradient.a */;
			productType = "com.apple.product-type.library.static";
		};
/* End PBXNativeTarget section */

/* Begin PBXProject section */
		58B511D31A9E6C8500147676 /* Project object */ = {
			isa = PBXProject;
			attributes = {
				LastUpgradeCheck = 0610;
				ORGANIZATIONNAME = Facebook;
				TargetAttributes = {
					58B511DA1A9E6C8500147676 = {
						CreatedOnToolsVersion = 6.1.1;
					};
				};
			};
			buildConfigurationList = 58B511D61A9E6C8500147676 /* Build configuration list for PBXProject "RNTextGradient" */;
			compatibilityVersion = "Xcode 3.2";
			developmentRegion = English;
			hasScannedForEncodings = 0;
			knownRegions = (
				en,
			);
			mainGroup = 58B511D21A9E6C8500147676;
			productRefGroup = 58B511D21A9E6C8500147676;
			projectDirPath = "";
			projectRoot = "";
			targets = (
				58B511DA1A9E6C8500147676 /* RNTextGradient */,
			);
		};
/* End PBXProject section */

/* Begin PBXSourcesBuildPhase section */
		58B511D71A9E6C8500147676 /* Sources */ = {
			isa = PBXSourcesBuildPhase;
			buildActionMask = 2147483647;
			files = (
				743353F82056A99000A5042E /* RNLinearGradientUtils.m in Sources */,
				743353F52056A46500A5042E /* RNVirtualLinearTextGradientShadowView.m in Sources */,
				743353EC20568ABE00A5042E /* RNVirtualTextGradientShadowView.m in Sources */,
				74BC8BFF2054753800D327F3 /* RNTextGradientViewManager.m in Sources */,
				74BC8BF8205466D500D327F3 /* RNTextGradientShadowView.m in Sources */,
				7479685D2055CDF400E65937 /* RNLinearTextGradientShadowView.m in Sources */,
				7479685620553C4F00E65937 /* RNTextGradientValue.m in Sources */,
				743353F0205693AB00A5042E /* RNVirtualTextGradientViewManager.m in Sources */,
				743353E8205685D500A5042E /* RNTextGradientUtils.m in Sources */,
				747968602055CE1900E65937 /* RNVirtualLinearTextGradientViewManager.m in Sources */,
				74BC8BFB205466EB00D327F3 /* RNTextGradientView.m in Sources */,
				747968632055CEAD00E65937 /* RNLinearTextGradientViewManager.m in Sources */,
			);
			runOnlyForDeploymentPostprocessing = 0;
		};
/* End PBXSourcesBuildPhase section */

/* Begin XCBuildConfiguration section */
		58B511ED1A9E6C8500147676 /* Debug */ = {
			isa = XCBuildConfiguration;
			buildSettings = {
				ALWAYS_SEARCH_USER_PATHS = NO;
				CLANG_CXX_LANGUAGE_STANDARD = "gnu++0x";
				CLANG_CXX_LIBRARY = "libc++";
				CLANG_ENABLE_MODULES = YES;
				CLANG_ENABLE_OBJC_ARC = YES;
				CLANG_WARN_BOOL_CONVERSION = YES;
				CLANG_WARN_CONSTANT_CONVERSION = YES;
				CLANG_WARN_DIRECT_OBJC_ISA_USAGE = YES_ERROR;
				CLANG_WARN_EMPTY_BODY = YES;
				CLANG_WARN_ENUM_CONVERSION = YES;
				CLANG_WARN_INT_CONVERSION = YES;
				CLANG_WARN_OBJC_ROOT_CLASS = YES_ERROR;
				CLANG_WARN_UNREACHABLE_CODE = YES;
				CLANG_WARN__DUPLICATE_METHOD_MATCH = YES;
				COPY_PHASE_STRIP = NO;
				ENABLE_STRICT_OBJC_MSGSEND = YES;
				GCC_C_LANGUAGE_STANDARD = gnu99;
				GCC_DYNAMIC_NO_PIC = NO;
				GCC_OPTIMIZATION_LEVEL = 0;
				GCC_PREPROCESSOR_DEFINITIONS = (
					"DEBUG=1",
					"$(inherited)",
				);
				GCC_SYMBOLS_PRIVATE_EXTERN = NO;
				GCC_WARN_64_TO_32_BIT_CONVERSION = YES;
				GCC_WARN_ABOUT_RETURN_TYPE = YES_ERROR;
				GCC_WARN_UNDECLARED_SELECTOR = YES;
				GCC_WARN_UNINITIALIZED_AUTOS = YES_AGGRESSIVE;
				GCC_WARN_UNUSED_FUNCTION = YES;
				GCC_WARN_UNUSED_VARIABLE = YES;
				IPHONEOS_DEPLOYMENT_TARGET = 7.0;
				MTL_ENABLE_DEBUG_INFO = YES;
				ONLY_ACTIVE_ARCH = YES;
				SDKROOT = iphoneos;
			};
			name = Debug;
		};
		58B511EE1A9E6C8500147676 /* Release */ = {
			isa = XCBuildConfiguration;
			buildSettings = {
				ALWAYS_SEARCH_USER_PATHS = NO;
				CLANG_CXX_LANGUAGE_STANDARD = "gnu++0x";
				CLANG_CXX_LIBRARY = "libc++";
				CLANG_ENABLE_MODULES = YES;
				CLANG_ENABLE_OBJC_ARC = YES;
				CLANG_WARN_BOOL_CONVERSION = YES;
				CLANG_WARN_CONSTANT_CONVERSION = YES;
				CLANG_WARN_DIRECT_OBJC_ISA_USAGE = YES_ERROR;
				CLANG_WARN_EMPTY_BODY = YES;
				CLANG_WARN_ENUM_CONVERSION = YES;
				CLANG_WARN_INT_CONVERSION = YES;
				CLANG_WARN_OBJC_ROOT_CLASS = YES_ERROR;
				CLANG_WARN_UNREACHABLE_CODE = YES;
				CLANG_WARN__DUPLICATE_METHOD_MATCH = YES;
				COPY_PHASE_STRIP = YES;
				ENABLE_NS_ASSERTIONS = NO;
				ENABLE_STRICT_OBJC_MSGSEND = YES;
				GCC_C_LANGUAGE_STANDARD = gnu99;
				GCC_WARN_64_TO_32_BIT_CONVERSION = YES;
				GCC_WARN_ABOUT_RETURN_TYPE = YES_ERROR;
				GCC_WARN_UNDECLARED_SELECTOR = YES;
				GCC_WARN_UNINITIALIZED_AUTOS = YES_AGGRESSIVE;
				GCC_WARN_UNUSED_FUNCTION = YES;
				GCC_WARN_UNUSED_VARIABLE = YES;
				IPHONEOS_DEPLOYMENT_TARGET = 7.0;
				MTL_ENABLE_DEBUG_INFO = NO;
				SDKROOT = iphoneos;
				VALIDATE_PRODUCT = YES;
			};
			name = Release;
		};
		58B511F01A9E6C8500147676 /* Debug */ = {
			isa = XCBuildConfiguration;
			buildSettings = {
				HEADER_SEARCH_PATHS = (
					"$(inherited)",
					/Applications/Xcode.app/Contents/Developer/Toolchains/XcodeDefault.xctoolchain/usr/include,
					"$(SRCROOT)/../../../React/**",
					"$(SRCROOT)/../../react-native/React/**",
					"$(SRCROOT)/../../react-native/Libraries/**",
					"$(SRCROOT)/../../../node_modules/react-native/React/**",
					"$(SRCROOT)/../../../node_modules/react-native/Libraries/**",
				);
				LIBRARY_SEARCH_PATHS = "$(inherited)";
				OTHER_LDFLAGS = "-ObjC";
				PRODUCT_NAME = RNTextGradient;
				SKIP_INSTALL = YES;
			};
			name = Debug;
		};
		58B511F11A9E6C8500147676 /* Release */ = {
			isa = XCBuildConfiguration;
			buildSettings = {
				HEADER_SEARCH_PATHS = (
					"$(inherited)",
					/Applications/Xcode.app/Contents/Developer/Toolchains/XcodeDefault.xctoolchain/usr/include,
					"$(SRCROOT)/../../../React/**",
					"$(SRCROOT)/../../react-native/React/**",
					"$(SRCROOT)/../../react-native/Libraries/**",
					"$(SRCROOT)/../../../node_modules/react-native/React/**",
					"$(SRCROOT)/../../../node_modules/react-native/Libraries/**",
				);
				LIBRARY_SEARCH_PATHS = "$(inherited)";
				OTHER_LDFLAGS = "-ObjC";
				PRODUCT_NAME = RNTextGradient;
				SKIP_INSTALL = YES;
			};
			name = Release;
		};
/* End XCBuildConfiguration section */

/* Begin XCConfigurationList section */
		58B511D61A9E6C8500147676 /* Build configuration list for PBXProject "RNTextGradient" */ = {
			isa = XCConfigurationList;
			buildConfigurations = (
				58B511ED1A9E6C8500147676 /* Debug */,
				58B511EE1A9E6C8500147676 /* Release */,
			);
			defaultConfigurationIsVisible = 0;
			defaultConfigurationName = Release;
		};
		58B511EF1A9E6C8500147676 /* Build configuration list for PBXNativeTarget "RNTextGradient" */ = {
			isa = XCConfigurationList;
			buildConfigurations = (
				58B511F01A9E6C8500147676 /* Debug */,
				58B511F11A9E6C8500147676 /* Release */,
			);
			defaultConfigurationIsVisible = 0;
			defaultConfigurationName = Release;
		};
/* End XCConfigurationList section */
	};
	rootObject = 58B511D31A9E6C8500147676 /* Project object */;
}
